# Generated by pub
# See https://dart.dev/tools/pub/glossary#lockfile
packages:
  dolumns:
    dependency: "direct main"
    description:
      name: dolumns
      sha256: "0b6eaf4987da82173592b26d40357651f92930b3bf182ceda11d41f79e959b1f"
      url: "https://pub.dev"
    source: hosted
    version: "2.0.1"
sdks:
  dart: ">=2.18.0 <4.0.0"
